
Microsoft Visual Studio Solution File, Format Version 12.00
Project("{FAE04EC0-301F-11D3-BF4B-00C04F79EFBC}") = "HelloAvalonia", "HelloAvalonia\HelloAvalonia.csproj", "{2836E44D-E0B0-4274-9AC3-782028A05F10}"
EndProject
Global
	GlobalSection(SolutionConfigurationPlatforms) = preSolution
		Debug|Any CPU = Debug|Any CPU
		Release|Any CPU = Release|Any CPU
	EndGlobalSection
	GlobalSection(ProjectConfigurationPlatforms) = postSolution
		{2836E44D-E0B0-4274-9AC3-782028A05F10}.Debug|Any CPU.ActiveCfg = Debug|Any CPU
		{2836E44D-E0B0-4274-9AC3-782028A05F10}.Debug|Any CPU.Build.0 = Debug|Any CPU
		{2836E44D-E0B0-4274-9AC3-782028A05F10}.Release|Any CPU.ActiveCfg = Release|Any CPU
		{2836E44D-E0B0-4274-9AC3-782028A05F10}.Release|Any CPU.Build.0 = Release|Any CPU
	EndGlobalSection
EndGlobal
